
Microsoft Visual Studio Solution File, Format Version 12.00
# Visual Studio Version 16
VisualStudioVersion = 16.0.30002.166
MinimumVisualStudioVersion = 10.0.40219.1
Project("{9A19103F-16F7-4668-BE54-9A1E7A4F7556}") = "MedicBot", "MedicBot_CORE\MedicBot.csproj", "{FCD6DB2B-402B-4570-BB8A-A9ADCC93A04C}"
EndProject
Global
	GlobalSection(SolutionConfigurationPlatforms) = preSolution
		Debug|Any CPU = Debug|Any CPU
		Release|Any CPU = Release|Any CPU
	EndGlobalSection
	GlobalSection(ProjectConfigurationPlatforms) = postSolution
		{FCD6DB2B-402B-4570-BB8A-A9ADCC93A04C}.Debug|Any CPU.ActiveCfg = Debug|Any CPU
		{FCD6DB2B-402B-4570-BB8A-A9ADCC93A04C}.Debug|Any CPU.Build.0 = Debug|Any CPU
		{FCD6DB2B-402B-4570-BB8A-A9ADCC93A04C}.Release|Any CPU.ActiveCfg = Release|Any CPU
		{FCD6DB2B-402B-4570-BB8A-A9ADCC93A04C}.Release|Any CPU.Build.0 = Release|Any CPU
	EndGlobalSection
	GlobalSection(SolutionProperties) = preSolution
		HideSolutionNode = FALSE
	EndGlobalSection
	GlobalSection(ExtensibilityGlobals) = postSolution
		SolutionGuid = {D50A698F-992B-4606-8280-1DF647B5632B}
	EndGlobalSection
EndGlobal
